
Microsoft Visual Studio Solution File, Format Version 12.00
# Visual Studio Version 17
VisualStudioVersion = 17.3.32804.467
MinimumVisualStudioVersion = 10.0.40219.1
Project("{FAE04EC0-301F-11D3-BF4B-00C04F79EFBC}") = "RandomMagic", "RandomMagic\RandomMagic.csproj", "{0E726D68-4D8B-412D-9F94-715AC9F08A54}"
EndProject
Global
	GlobalSection(SolutionConfigurationPlatforms) = preSolution
		Debug|Any CPU = Debug|Any CPU
		Release|Any CPU = Release|Any CPU
	EndGlobalSection
	GlobalSection(ProjectConfigurationPlatforms) = postSolution
		{0E726D68-4D8B-412D-9F94-715AC9F08A54}.Debug|Any CPU.ActiveCfg = Debug|Any CPU
		{0E726D68-4D8B-412D-9F94-715AC9F08A54}.Debug|Any CPU.Build.0 = Debug|Any CPU
		{0E726D68-4D8B-412D-9F94-715AC9F08A54}.Release|Any CPU.ActiveCfg = Release|Any CPU
		{0E726D68-4D8B-412D-9F94-715AC9F08A54}.Release|Any CPU.Build.0 = Release|Any CPU
	EndGlobalSection
	GlobalSection(SolutionProperties) = preSolution
		HideSolutionNode = FALSE
	EndGlobalSection
	GlobalSection(ExtensibilityGlobals) = postSolution
		SolutionGuid = {B8C04079-936A-4BA2-9035-00B368E1DCFC}
	EndGlobalSection
EndGlobal
